
Microsoft Visual Studio Solution File, Format Version 12.00
# Visual Studio Version 17
VisualStudioVersion = 17.7.34031.279
MinimumVisualStudioVersion = 10.0.40219.1
Project("{8BC9CEB8-8B4A-11D0-8D11-00A0C91BC942}") = "project1 doubly linked list class", "project1 doubly linked list class\project1 doubly linked list class.vcxproj", "{89A138DD-1BD7-4954-90DF-B35EBA2C6347}"
EndProject
Global
	GlobalSection(SolutionConfigurationPlatforms) = preSolution
		Debug|x64 = Debug|x64
		Debug|x86 = Debug|x86
		Release|x64 = Release|x64
		Release|x86 = Release|x86
	EndGlobalSection
	GlobalSection(ProjectConfigurationPlatforms) = postSolution
		{89A138DD-1BD7-4954-90DF-B35EBA2C6347}.Debug|x64.ActiveCfg = Debug|x64
		{89A138DD-1BD7-4954-90DF-B35EBA2C6347}.Debug|x64.Build.0 = Debug|x64
		{89A138DD-1BD7-4954-90DF-B35EBA2C6347}.Debug|x86.ActiveCfg = Debug|Win32
		{89A138DD-1BD7-4954-90DF-B35EBA2C6347}.Debug|x86.Build.0 = Debug|Win32
		{89A138DD-1BD7-4954-90DF-B35EBA2C6347}.Release|x64.ActiveCfg = Release|x64
		{89A138DD-1BD7-4954-90DF-B35EBA2C6347}.Release|x64.Build.0 = Release|x64
		{89A138DD-1BD7-4954-90DF-B35EBA2C6347}.Release|x86.ActiveCfg = Release|Win32
		{89A138DD-1BD7-4954-90DF-B35EBA2C6347}.Release|x86.Build.0 = Release|Win32
	EndGlobalSection
	GlobalSection(SolutionProperties) = preSolution
		HideSolutionNode = FALSE
	EndGlobalSection
	GlobalSection(ExtensibilityGlobals) = postSolution
		SolutionGuid = {13169B2B-919B-4F95-80CE-6535DF2160F3}
	EndGlobalSection
EndGlobal
